// !$*UTF8*$!
{
	archiveVersion = 1;
	classes = {};
	objectVersion = 77;
	objects = {

/* Begin PBXBuildFile section */
		A00000000000000000000020 /* ShoppingApp.swift in Sources */ = {isa = PBXBuildFile; fileRef = A00000000000000000000010 /* ShoppingApp.swift */; };
		A00000000000000000000021 /* ContentView.swift in Sources */ = {isa = PBXBuildFile; fileRef = A00000000000000000000011 /* ContentView.swift */; };
		A00000000000000000000022 /* ShoppingLaunchTests.swift in Sources */ = {isa = PBXBuildFile; fileRef = A00000000000000000000012 /* ShoppingLaunchTests.swift */; };
		A00000000000000000000023 /* XCTest.framework in Frameworks */ = {isa = PBXBuildFile; fileRef = A00000000000000000000013 /* XCTest.framework */; };
		A00000000000000000000024 /* PersistenceModels.swift in Sources */ = {isa = PBXBuildFile; fileRef = A00000000000000000000017 /* PersistenceModels.swift */; };
		A00000000000000000000025 /* PersistenceModel.swift in Sources */ = {isa = PBXBuildFile; fileRef = A00000000000000000000018 /* PersistenceModel.swift */; };
		A00000000000000000000026 /* PersistenceController.swift in Sources */ = {isa = PBXBuildFile; fileRef = A00000000000000000000019 /* PersistenceController.swift */; };
		A00000000000000000000027 /* NeedService.swift in Sources */ = {isa = PBXBuildFile; fileRef = A0000000000000000000001A /* NeedService.swift */; };
		A00000000000000000000028 /* PersistenceHarnessTests.swift in Sources */ = {isa = PBXBuildFile; fileRef = A0000000000000000000001B /* PersistenceHarnessTests.swift */; };
		A00000000000000000000029 /* XCTest.framework in Frameworks */ = {isa = PBXBuildFile; fileRef = A00000000000000000000013 /* XCTest.framework */; };
		A0000000000000000000002A /* CatalogFilter.swift in Sources */ = {isa = PBXBuildFile; fileRef = A0000000000000000000001C /* CatalogFilter.swift */; };
		A0000000000000000000002B /* CatalogFilterTests.swift in Sources */ = {isa = PBXBuildFile; fileRef = A0000000000000000000001D /* CatalogFilterTests.swift */; };
		A0000000000000000000002C /* GroceryNeedTests.swift in Sources */ = {isa = PBXBuildFile; fileRef = A0000000000000000000001E /* GroceryNeedTests.swift */; };
		B00000000000000000000200 /* PersistenceConfiguration.swift in Sources */ = {isa = PBXBuildFile; fileRef = B00000000000000000000100 /* PersistenceConfiguration.swift */; };
		B00000000000000000000201 /* PersistencePermissionPolicy.swift in Sources */ = {isa = PBXBuildFile; fileRef = B00000000000000000000101 /* PersistencePermissionPolicy.swift */; };
		B00000000000000000000202 /* PersistentHistoryConsumer.swift in Sources */ = {isa = PBXBuildFile; fileRef = B00000000000000000000102 /* PersistentHistoryConsumer.swift */; };
		B00000000000000000000203 /* ManagedShareAssociation.swift in Sources */ = {isa = PBXBuildFile; fileRef = B00000000000000000000103 /* ManagedShareAssociation.swift */; };
		B00000000000000000000204 /* PersistenceBootstrap.swift in Sources */ = {isa = PBXBuildFile; fileRef = B00000000000000000000104 /* PersistenceBootstrap.swift */; };
		B00000000000000000000205 /* PersistenceRecoveryView.swift in Sources */ = {isa = PBXBuildFile; fileRef = B00000000000000000000105 /* PersistenceRecoveryView.swift */; };
		B00000000000000000000206 /* PersistenceContainerTests.swift in Sources */ = {isa = PBXBuildFile; fileRef = B00000000000000000000106 /* PersistenceContainerTests.swift */; };
		B00000000000000000000207 /* SchemaVersionTests.swift in Sources */ = {isa = PBXBuildFile; fileRef = B00000000000000000000107 /* SchemaVersionTests.swift */; };
		B00000000000000000000302 /* Shopping.xcdatamodeld in Sources */ = {isa = PBXBuildFile; fileRef = B00000000000000000000300 /* Shopping.xcdatamodeld */; };
		B00000000000000000000304 /* Fixtures in Resources */ = {isa = PBXBuildFile; fileRef = B00000000000000000000303 /* Fixtures */; };
		C19000000000000000000001 /* ShoppingPreviewFixtures.swift in Sources */ = {isa = PBXBuildFile; fileRef = C19000000000000000000011 /* ShoppingPreviewFixtures.swift */; };
		C19000000000000000000002 /* LocalTwoContextHarness.swift in Sources */ = {isa = PBXBuildFile; fileRef = C19000000000000000000012 /* LocalTwoContextHarness.swift */; };
		C19000000000000000000003 /* PreviewFixtureTests.swift in Sources */ = {isa = PBXBuildFile; fileRef = C19000000000000000000013 /* PreviewFixtureTests.swift */; };
		D18000000000000000000001 /* GroceryNavigationState.swift in Sources */ = {isa = PBXBuildFile; fileRef = D18000000000000000000011 /* GroceryNavigationState.swift */; };
		D18000000000000000000002 /* NavigationViews.swift in Sources */ = {isa = PBXBuildFile; fileRef = D18000000000000000000012 /* NavigationViews.swift */; };
		D17000000000000000000001 /* SettingsView.swift in Sources */ = {isa = PBXBuildFile; fileRef = D17000000000000000000011 /* SettingsView.swift */; };
		D17000000000000000000002 /* StoreManagementTests.swift in Sources */ = {isa = PBXBuildFile; fileRef = D17000000000000000000012 /* StoreManagementTests.swift */; };
		D17000000000000000000003 /* PurchaseRulesPicker.swift in Sources */ = {isa = PBXBuildFile; fileRef = D17000000000000000000013 /* PurchaseRulesPicker.swift */; };
		D18000000000000000000003 /* GroceryNavigationStateTests.swift in Sources */ = {isa = PBXBuildFile; fileRef = D18000000000000000000013 /* GroceryNavigationStateTests.swift */; };
		D15000000000000000000001 /* CatalogViews.swift in Sources */ = {isa = PBXBuildFile; fileRef = D15000000000000000000011 /* CatalogViews.swift */; };
		D15000000000000000000101 /* CatalogManagementTests.swift in Sources */ = {isa = PBXBuildFile; fileRef = D15000000000000000000111 /* CatalogManagementTests.swift */; };
/* End PBXBuildFile section */

/* Begin PBXContainerItemProxy section */
		A00000000000000000000030 = {isa = PBXContainerItemProxy; containerPortal = A00000000000000000000001 /* Project object */; proxyType = 1; remoteGlobalIDString = A00000000000000000000002; remoteInfo = Shopping; };
		A00000000000000000000032 = {isa = PBXContainerItemProxy; containerPortal = A00000000000000000000001 /* Project object */; proxyType = 1; remoteGlobalIDString = A00000000000000000000002; remoteInfo = Shopping; };
/* End PBXContainerItemProxy section */

/* Begin PBXFileReference section */
		A00000000000000000000010 /* ShoppingApp.swift */ = {isa = PBXFileReference; lastKnownFileType = sourcecode.swift; path = ShoppingApp.swift; sourceTree = "<group>"; };
		A00000000000000000000011 /* ContentView.swift */ = {isa = PBXFileReference; lastKnownFileType = sourcecode.swift; path = ContentView.swift; sourceTree = "<group>"; };
		A00000000000000000000012 /* ShoppingLaunchTests.swift */ = {isa = PBXFileReference; lastKnownFileType = sourcecode.swift; path = ShoppingLaunchTests.swift; sourceTree = "<group>"; };
		A00000000000000000000013 /* XCTest.framework */ = {isa = PBXFileReference; lastKnownFileType = wrapper.framework; name = XCTest.framework; path = System/Library/Frameworks/XCTest.framework; sourceTree = SDKROOT; };
		A00000000000000000000014 /* Shopping.app */ = {isa = PBXFileReference; explicitFileType = wrapper.application; includeInIndex = 0; path = Shopping.app; sourceTree = BUILT_PRODUCTS_DIR; };
		A00000000000000000000015 /* ShoppingTests.xctest */ = {isa = PBXFileReference; explicitFileType = wrapper.cfbundle; includeInIndex = 0; path = ShoppingTests.xctest; sourceTree = BUILT_PRODUCTS_DIR; };
		A00000000000000000000016 /* ShoppingPersistenceTests.xctest */ = {isa = PBXFileReference; explicitFileType = wrapper.cfbundle; includeInIndex = 0; path = ShoppingPersistenceTests.xctest; sourceTree = BUILT_PRODUCTS_DIR; };
		A00000000000000000000017 /* PersistenceModels.swift */ = {isa = PBXFileReference; lastKnownFileType = sourcecode.swift; path = PersistenceModels.swift; sourceTree = "<group>"; };
		A00000000000000000000018 /* PersistenceModel.swift */ = {isa = PBXFileReference; lastKnownFileType = sourcecode.swift; path = PersistenceModel.swift; sourceTree = "<group>"; };
		A00000000000000000000019 /* PersistenceController.swift */ = {isa = PBXFileReference; lastKnownFileType = sourcecode.swift; path = PersistenceController.swift; sourceTree = "<group>"; };
		A0000000000000000000001A /* NeedService.swift */ = {isa = PBXFileReference; lastKnownFileType = sourcecode.swift; path = NeedService.swift; sourceTree = "<group>"; };
		A0000000000000000000001B /* PersistenceHarnessTests.swift */ = {isa = PBXFileReference; lastKnownFileType = sourcecode.swift; path = PersistenceHarnessTests.swift; sourceTree = "<group>"; };
		A0000000000000000000001C /* CatalogFilter.swift */ = {isa = PBXFileReference; lastKnownFileType = sourcecode.swift; path = CatalogFilter.swift; sourceTree = "<group>"; };
		A0000000000000000000001D /* CatalogFilterTests.swift */ = {isa = PBXFileReference; lastKnownFileType = sourcecode.swift; path = CatalogFilterTests.swift; sourceTree = "<group>"; };
		A0000000000000000000001E /* GroceryNeedTests.swift */ = {isa = PBXFileReference; lastKnownFileType = sourcecode.swift; path = GroceryNeedTests.swift; sourceTree = "<group>"; };
		B00000000000000000000100 /* PersistenceConfiguration.swift */ = {isa = PBXFileReference; lastKnownFileType = sourcecode.swift; path = PersistenceConfiguration.swift; sourceTree = "<group>"; };
		B00000000000000000000101 /* PersistencePermissionPolicy.swift */ = {isa = PBXFileReference; lastKnownFileType = sourcecode.swift; path = PersistencePermissionPolicy.swift; sourceTree = "<group>"; };
		B00000000000000000000102 /* PersistentHistoryConsumer.swift */ = {isa = PBXFileReference; lastKnownFileType = sourcecode.swift; path = PersistentHistoryConsumer.swift; sourceTree = "<group>"; };
		B00000000000000000000103 /* ManagedShareAssociation.swift */ = {isa = PBXFileReference; lastKnownFileType = sourcecode.swift; path = ManagedShareAssociation.swift; sourceTree = "<group>"; };
		B00000000000000000000104 /* PersistenceBootstrap.swift */ = {isa = PBXFileReference; lastKnownFileType = sourcecode.swift; path = PersistenceBootstrap.swift; sourceTree = "<group>"; };
		B00000000000000000000105 /* PersistenceRecoveryView.swift */ = {isa = PBXFileReference; lastKnownFileType = sourcecode.swift; path = PersistenceRecoveryView.swift; sourceTree = "<group>"; };
		B00000000000000000000106 /* PersistenceContainerTests.swift */ = {isa = PBXFileReference; lastKnownFileType = sourcecode.swift; path = PersistenceContainerTests.swift; sourceTree = "<group>"; };
		B00000000000000000000107 /* SchemaVersionTests.swift */ = {isa = PBXFileReference; lastKnownFileType = sourcecode.swift; path = SchemaVersionTests.swift; sourceTree = "<group>"; };
		B00000000000000000000301 /* ShoppingV1.xcdatamodel */ = {isa = PBXFileReference; lastKnownFileType = wrapper.xcdatamodel; path = ShoppingV1.xcdatamodel; sourceTree = "<group>"; };
		B00000000000000000000303 /* Fixtures */ = {isa = PBXFileReference; lastKnownFileType = folder; path = Fixtures; sourceTree = "<group>"; };
		C19000000000000000000011 /* ShoppingPreviewFixtures.swift */ = {isa = PBXFileReference; lastKnownFileType = sourcecode.swift; path = ShoppingPreviewFixtures.swift; sourceTree = "<group>"; };
		C19000000000000000000012 /* LocalTwoContextHarness.swift */ = {isa = PBXFileReference; lastKnownFileType = sourcecode.swift; path = LocalTwoContextHarness.swift; sourceTree = "<group>"; };
		C19000000000000000000013 /* PreviewFixtureTests.swift */ = {isa = PBXFileReference; lastKnownFileType = sourcecode.swift; path = PreviewFixtureTests.swift; sourceTree = "<group>"; };
		D18000000000000000000011 /* GroceryNavigationState.swift */ = {isa = PBXFileReference; lastKnownFileType = sourcecode.swift; path = GroceryNavigationState.swift; sourceTree = "<group>"; };
		D18000000000000000000012 /* NavigationViews.swift */ = {isa = PBXFileReference; lastKnownFileType = sourcecode.swift; path = NavigationViews.swift; sourceTree = "<group>"; };
		D17000000000000000000011 /* SettingsView.swift */ = {isa = PBXFileReference; lastKnownFileType = sourcecode.swift; path = SettingsView.swift; sourceTree = "<group>"; };
		D17000000000000000000012 /* StoreManagementTests.swift */ = {isa = PBXFileReference; lastKnownFileType = sourcecode.swift; path = StoreManagementTests.swift; sourceTree = "<group>"; };
		D17000000000000000000013 /* PurchaseRulesPicker.swift */ = {isa = PBXFileReference; lastKnownFileType = sourcecode.swift; path = PurchaseRulesPicker.swift; sourceTree = "<group>"; };
		D18000000000000000000013 /* GroceryNavigationStateTests.swift */ = {isa = PBXFileReference; lastKnownFileType = sourcecode.swift; path = GroceryNavigationStateTests.swift; sourceTree = "<group>"; };
		D15000000000000000000011 /* CatalogViews.swift */ = {isa = PBXFileReference; lastKnownFileType = sourcecode.swift; path = CatalogViews.swift; sourceTree = "<group>"; };
		D15000000000000000000111 /* CatalogManagementTests.swift */ = {isa = PBXFileReference; lastKnownFileType = sourcecode.swift; path = CatalogManagementTests.swift; sourceTree = "<group>"; };
/* End PBXFileReference section */

/* Begin PBXFrameworksBuildPhase section */
		A00000000000000000000040 = {isa = PBXFrameworksBuildPhase; buildActionMask = 2147483647; files = (); runOnlyForDeploymentPostprocessing = 0; };
		A00000000000000000000041 = {isa = PBXFrameworksBuildPhase; buildActionMask = 2147483647; files = (A00000000000000000000023 /* XCTest.framework in Frameworks */,); runOnlyForDeploymentPostprocessing = 0; };
		A00000000000000000000042 = {isa = PBXFrameworksBuildPhase; buildActionMask = 2147483647; files = (A00000000000000000000029 /* XCTest.framework in Frameworks */,); runOnlyForDeploymentPostprocessing = 0; };
/* End PBXFrameworksBuildPhase section */

/* Begin PBXGroup section */
		A00000000000000000000050 = {isa = PBXGroup; children = (A00000000000000000000051 /* Shopping */, A00000000000000000000057 /* ShoppingTests */, A00000000000000000000058 /* Frameworks */, A00000000000000000000059 /* Products */,); sourceTree = "<group>"; };
		A00000000000000000000051 /* Shopping */ = {isa = PBXGroup; children = (A00000000000000000000052 /* App */, A00000000000000000000053 /* Models */, A00000000000000000000054 /* Views */, A00000000000000000000055 /* Persistence */, A00000000000000000000056 /* CloudKit */, C19000000000000000000020 /* Preview */,); path = Shopping; sourceTree = "<group>"; };
		A00000000000000000000052 /* App */ = {isa = PBXGroup; children = (A00000000000000000000010 /* ShoppingApp.swift */,B00000000000000000000104 /* PersistenceBootstrap.swift */,D18000000000000000000011 /* GroceryNavigationState.swift */,); path = App; sourceTree = "<group>"; };
		A00000000000000000000053 /* Models */ = {isa = PBXGroup; children = (A00000000000000000000017 /* PersistenceModels.swift */,B00000000000000000000300 /* Shopping.xcdatamodeld */,); path = Models; sourceTree = "<group>"; };
		A00000000000000000000054 /* Views */ = {isa = PBXGroup; children = (D15000000000000000000011 /* CatalogViews.swift */,A00000000000000000000011 /* ContentView.swift */,B00000000000000000000105 /* PersistenceRecoveryView.swift */,D18000000000000000000012 /* NavigationViews.swift */,D17000000000000000000011 /* SettingsView.swift */,D17000000000000000000013 /* PurchaseRulesPicker.swift */,); path = Views; sourceTree = "<group>"; };
		A00000000000000000000055 /* Persistence */ = {isa = PBXGroup; children = (A00000000000000000000018 /* PersistenceModel.swift */, A00000000000000000000019 /* PersistenceController.swift */, A0000000000000000000001A /* NeedService.swift */, A0000000000000000000001C /* CatalogFilter.swift */,B00000000000000000000100 /* PersistenceConfiguration.swift */,B00000000000000000000101 /* PersistencePermissionPolicy.swift */,B00000000000000000000102 /* PersistentHistoryConsumer.swift */,B00000000000000000000103 /* ManagedShareAssociation.swift */,); path = Persistence; sourceTree = "<group>"; };
		A00000000000000000000056 /* CloudKit */ = {isa = PBXGroup; children = (); path = CloudKit; sourceTree = "<group>"; };
		A00000000000000000000057 /* ShoppingTests */ = {isa = PBXGroup; children = (D15000000000000000000111 /* CatalogManagementTests.swift */,A00000000000000000000012 /* ShoppingLaunchTests.swift */, A0000000000000000000001B /* PersistenceHarnessTests.swift */, A0000000000000000000001D /* CatalogFilterTests.swift */, A0000000000000000000001E /* GroceryNeedTests.swift */,B00000000000000000000106 /* PersistenceContainerTests.swift */,B00000000000000000000107 /* SchemaVersionTests.swift */,B00000000000000000000303 /* Fixtures */,C19000000000000000000012 /* LocalTwoContextHarness.swift */,C19000000000000000000013 /* PreviewFixtureTests.swift */,D18000000000000000000013 /* GroceryNavigationStateTests.swift */,D17000000000000000000012 /* StoreManagementTests.swift */,); path = ShoppingTests; sourceTree = "<group>"; };
		A00000000000000000000058 /* Frameworks */ = {isa = PBXGroup; children = (A00000000000000000000013 /* XCTest.framework */,); name = Frameworks; sourceTree = "<group>"; };
		A00000000000000000000059 /* Products */ = {isa = PBXGroup; children = (A00000000000000000000014 /* Shopping.app */, A00000000000000000000015 /* ShoppingTests.xctest */, A00000000000000000000016 /* ShoppingPersistenceTests.xctest */,); name = Products; sourceTree = "<group>"; };
		C19000000000000000000020 /* Preview */ = {isa = PBXGroup; children = (C19000000000000000000011 /* ShoppingPreviewFixtures.swift */,); path = Preview; sourceTree = "<group>"; };
/* End PBXGroup section */

/* Begin PBXNativeTarget section */
		A00000000000000000000002 /* Shopping */ = {isa = PBXNativeTarget; buildConfigurationList = A00000000000000000000070; buildPhases = (A00000000000000000000060, A00000000000000000000040, A00000000000000000000062,); buildRules = (); dependencies = (); name = Shopping; productName = Shopping; productReference = A00000000000000000000014; productType = "com.apple.product-type.application"; };
		A00000000000000000000003 /* ShoppingTests */ = {isa = PBXNativeTarget; buildConfigurationList = A00000000000000000000071; buildPhases = (A00000000000000000000061, A00000000000000000000041, A00000000000000000000063,); buildRules = (); dependencies = (A00000000000000000000031,); name = ShoppingTests; productName = ShoppingTests; productReference = A00000000000000000000015; productType = "com.apple.product-type.bundle.ui-testing"; };
		A00000000000000000000004 /* ShoppingPersistenceTests */ = {isa = PBXNativeTarget; buildConfigurationList = A00000000000000000000073; buildPhases = (A00000000000000000000064, A00000000000000000000042, A00000000000000000000065,); buildRules = (); dependencies = (A00000000000000000000033,); name = ShoppingPersistenceTests; productName = ShoppingPersistenceTests; productReference = A00000000000000000000016; productType = "com.apple.product-type.bundle.unit-test"; };
/* End PBXNativeTarget section */

/* Begin PBXProject section */
		A00000000000000000000001 /* Project object */ = {isa = PBXProject; attributes = {BuildIndependentTargetsInParallel = YES; LastSwiftUpdateCheck = 1640; LastUpgradeCheck = 1640; TargetAttributes = {A00000000000000000000002 = {CreatedOnToolsVersion = 16.4; }; A00000000000000000000003 = {CreatedOnToolsVersion = 16.4; TestTargetID = A00000000000000000000002; }; A00000000000000000000004 = {CreatedOnToolsVersion = 16.4; TestTargetID = A00000000000000000000002; };};}; buildConfigurationList = A00000000000000000000072; compatibilityVersion = "Xcode 16.0"; developmentRegion = en; hasScannedForEncodings = 0; knownRegions = (en, Base,); mainGroup = A00000000000000000000050; productRefGroup = A00000000000000000000059; projectDirPath = ""; projectRoot = ""; targets = (A00000000000000000000002, A00000000000000000000003, A00000000000000000000004,); };
/* End PBXProject section */

/* Begin PBXResourcesBuildPhase section */
		A00000000000000000000062 = {isa = PBXResourcesBuildPhase; buildActionMask = 2147483647; files = (); runOnlyForDeploymentPostprocessing = 0; };
		A00000000000000000000063 = {isa = PBXResourcesBuildPhase; buildActionMask = 2147483647; files = (); runOnlyForDeploymentPostprocessing = 0; };
		A00000000000000000000065 = {isa = PBXResourcesBuildPhase; buildActionMask = 2147483647; files = (B00000000000000000000304 /* Fixtures in Resources */,); runOnlyForDeploymentPostprocessing = 0; };
/* End PBXResourcesBuildPhase section */

/* Begin PBXSourcesBuildPhase section */
		A00000000000000000000060 = {isa = PBXSourcesBuildPhase; buildActionMask = 2147483647; files = (D15000000000000000000001 /* CatalogViews.swift in Sources */,A00000000000000000000020 /* ShoppingApp.swift in Sources */, A00000000000000000000021 /* ContentView.swift in Sources */, A00000000000000000000024 /* PersistenceModels.swift in Sources */, A00000000000000000000025 /* PersistenceModel.swift in Sources */, A00000000000000000000026 /* PersistenceController.swift in Sources */, A00000000000000000000027 /* NeedService.swift in Sources */, A0000000000000000000002A /* CatalogFilter.swift in Sources */,B00000000000000000000200 /* PersistenceConfiguration.swift in Sources */,B00000000000000000000201 /* PersistencePermissionPolicy.swift in Sources */,B00000000000000000000202 /* PersistentHistoryConsumer.swift in Sources */,B00000000000000000000203 /* ManagedShareAssociation.swift in Sources */,B00000000000000000000204 /* PersistenceBootstrap.swift in Sources */,B00000000000000000000205 /* PersistenceRecoveryView.swift in Sources */,B00000000000000000000302 /* Shopping.xcdatamodeld in Sources */,C19000000000000000000001 /* ShoppingPreviewFixtures.swift in Sources */,D18000000000000000000001 /* GroceryNavigationState.swift in Sources */,D18000000000000000000002 /* NavigationViews.swift in Sources */,D17000000000000000000001 /* SettingsView.swift in Sources */,D17000000000000000000003 /* PurchaseRulesPicker.swift in Sources */,); runOnlyForDeploymentPostprocessing = 0; };
		A00000000000000000000061 = {isa = PBXSourcesBuildPhase; buildActionMask = 2147483647; files = (A00000000000000000000022 /* ShoppingLaunchTests.swift in Sources */,); runOnlyForDeploymentPostprocessing = 0; };
		A00000000000000000000064 = {isa = PBXSourcesBuildPhase; buildActionMask = 2147483647; files = (D15000000000000000000101 /* CatalogManagementTests.swift in Sources */,A00000000000000000000028 /* PersistenceHarnessTests.swift in Sources */, A0000000000000000000002B /* CatalogFilterTests.swift in Sources */, A0000000000000000000002C /* GroceryNeedTests.swift in Sources */,B00000000000000000000206 /* PersistenceContainerTests.swift in Sources */,B00000000000000000000207 /* SchemaVersionTests.swift in Sources */,C19000000000000000000002 /* LocalTwoContextHarness.swift in Sources */,C19000000000000000000003 /* PreviewFixtureTests.swift in Sources */,D18000000000000000000003 /* GroceryNavigationStateTests.swift in Sources */,D17000000000000000000002 /* StoreManagementTests.swift in Sources */,); runOnlyForDeploymentPostprocessing = 0; };
/* End PBXSourcesBuildPhase section */

/* Begin PBXTargetDependency section */
		A00000000000000000000031 = {isa = PBXTargetDependency; target = A00000000000000000000002 /* Shopping */; targetProxy = A00000000000000000000030; };
		A00000000000000000000033 = {isa = PBXTargetDependency; target = A00000000000000000000002 /* Shopping */; targetProxy = A00000000000000000000032; };
/* End PBXTargetDependency section */

/* Begin XCVersionGroup section */
		B00000000000000000000300 /* Shopping.xcdatamodeld */ = {isa = XCVersionGroup; children = (B00000000000000000000301 /* ShoppingV1.xcdatamodel */,); currentVersion = B00000000000000000000301 /* ShoppingV1.xcdatamodel */; path = Shopping.xcdatamodeld; sourceTree = "<group>"; versionGroupType = wrapper.xcdatamodel; };
/* End XCVersionGroup section */

/* Begin XCBuildConfiguration section */
		A00000000000000000000080 = {isa = XCBuildConfiguration; buildSettings = {ALWAYS_SEARCH_USER_PATHS = NO; CLANG_ENABLE_MODULES = YES; CLANG_ENABLE_OBJC_ARC = YES; CLANG_WARN_BOOL_CONVERSION = YES; CLANG_WARN_CONSTANT_CONVERSION = YES; CLANG_WARN_DOCUMENTATION_COMMENTS = YES; CLANG_WARN_EMPTY_BODY = YES; CLANG_WARN_ENUM_CONVERSION = YES; CLANG_WARN_INFINITE_RECURSION = YES; CLANG_WARN_INT_CONVERSION = YES; CLANG_WARN_NON_LITERAL_NULL_CONVERSION = YES; CLANG_WARN_OBJC_IMPLICIT_RETAIN_SELF = YES; CLANG_WARN_OBJC_LITERAL_CONVERSION = YES; CLANG_WARN_QUOTED_INCLUDE_IN_FRAMEWORK_HEADER = YES; CLANG_WARN_RANGE_LOOP_ANALYSIS = YES; CLANG_WARN_STRICT_PROTOTYPES = YES; CLANG_WARN_SUSPICIOUS_MOVE = YES; CLANG_WARN_UNREACHABLE_CODE = YES; COPY_PHASE_STRIP = NO; DEBUG_INFORMATION_FORMAT = dwarf; ENABLE_TESTABILITY = YES; GCC_C_LANGUAGE_STANDARD = gnu17; GCC_NO_COMMON_BLOCKS = YES; GCC_OPTIMIZATION_LEVEL = 0; GCC_PREPROCESSOR_DEFINITIONS = ("DEBUG=1", "$(inherited)",); IPHONEOS_DEPLOYMENT_TARGET = 17.0; MTL_ENABLE_DEBUG_INFO = INCLUDE_SOURCE; ONLY_ACTIVE_ARCH = YES; SDKROOT = iphoneos; SWIFT_ACTIVE_COMPILATION_CONDITIONS = "DEBUG $(inherited)"; SWIFT_OPTIMIZATION_LEVEL = "-Onone"; SWIFT_VERSION = 5.0; }; name = Debug; };
		A00000000000000000000081 = {isa = XCBuildConfiguration; buildSettings = {ALWAYS_SEARCH_USER_PATHS = NO; CLANG_ENABLE_MODULES = YES; CLANG_ENABLE_OBJC_ARC = YES; CLANG_WARN_BOOL_CONVERSION = YES; CLANG_WARN_CONSTANT_CONVERSION = YES; CLANG_WARN_DOCUMENTATION_COMMENTS = YES; CLANG_WARN_EMPTY_BODY = YES; CLANG_WARN_ENUM_CONVERSION = YES; CLANG_WARN_INFINITE_RECURSION = YES; CLANG_WARN_INT_CONVERSION = YES; CLANG_WARN_NON_LITERAL_NULL_CONVERSION = YES; CLANG_WARN_OBJC_IMPLICIT_RETAIN_SELF = YES; CLANG_WARN_OBJC_LITERAL_CONVERSION = YES; CLANG_WARN_QUOTED_INCLUDE_IN_FRAMEWORK_HEADER = YES; CLANG_WARN_RANGE_LOOP_ANALYSIS = YES; CLANG_WARN_STRICT_PROTOTYPES = YES; CLANG_WARN_SUSPICIOUS_MOVE = YES; CLANG_WARN_UNREACHABLE_CODE = YES; COPY_PHASE_STRIP = YES; DEBUG_INFORMATION_FORMAT = "dwarf-with-dsym"; ENABLE_NS_ASSERTIONS = NO; GCC_C_LANGUAGE_STANDARD = gnu17; GCC_NO_COMMON_BLOCKS = YES; IPHONEOS_DEPLOYMENT_TARGET = 17.0; MTL_ENABLE_DEBUG_INFO = NO; SDKROOT = iphoneos; SWIFT_COMPILATION_MODE = wholemodule; SWIFT_OPTIMIZATION_LEVEL = "-O"; SWIFT_VERSION = 5.0; VALIDATE_PRODUCT = YES; }; name = Release; };
		A00000000000000000000082 = {isa = XCBuildConfiguration; buildSettings = {ASSETCATALOG_COMPILER_GENERATE_SWIFT_ASSET_SYMBOL_EXTENSIONS = YES; CODE_SIGN_STYLE = Automatic; CURRENT_PROJECT_VERSION = 1; DEVELOPMENT_TEAM = ""; ENABLE_PREVIEWS = YES; GENERATE_INFOPLIST_FILE = YES; INFOPLIST_KEY_CFBundleDisplayName = Shopping; INFOPLIST_KEY_UILaunchScreen_Generation = YES; INFOPLIST_KEY_UIApplicationSceneManifest_Generation = YES; INFOPLIST_KEY_UIApplicationSupportsIndirectInputEvents = YES; INFOPLIST_KEY_UISupportedInterfaceOrientations_iPhone = "UIInterfaceOrientationPortrait UIInterfaceOrientationLandscapeLeft UIInterfaceOrientationLandscapeRight"; IPHONEOS_DEPLOYMENT_TARGET = 17.0; MARKETING_VERSION = 1.0; PRODUCT_BUNDLE_IDENTIFIER = com.mggarofalo.shopping; PRODUCT_NAME = "$(TARGET_NAME)"; SWIFT_EMIT_LOC_STRINGS = YES; SWIFT_VERSION = 5.0; TARGETED_DEVICE_FAMILY = 1; }; name = Debug; };
		A00000000000000000000083 = {isa = XCBuildConfiguration; buildSettings = {ASSETCATALOG_COMPILER_GENERATE_SWIFT_ASSET_SYMBOL_EXTENSIONS = YES; CODE_SIGN_STYLE = Automatic; CURRENT_PROJECT_VERSION = 1; DEVELOPMENT_TEAM = ""; ENABLE_PREVIEWS = YES; GENERATE_INFOPLIST_FILE = YES; INFOPLIST_KEY_CFBundleDisplayName = Shopping; INFOPLIST_KEY_UILaunchScreen_Generation = YES; INFOPLIST_KEY_UIApplicationSceneManifest_Generation = YES; INFOPLIST_KEY_UIApplicationSupportsIndirectInputEvents = YES; INFOPLIST_KEY_UISupportedInterfaceOrientations_iPhone = "UIInterfaceOrientationPortrait UIInterfaceOrientationLandscapeLeft UIInterfaceOrientationLandscapeRight"; IPHONEOS_DEPLOYMENT_TARGET = 17.0; MARKETING_VERSION = 1.0; PRODUCT_BUNDLE_IDENTIFIER = com.mggarofalo.shopping; PRODUCT_NAME = "$(TARGET_NAME)"; SWIFT_EMIT_LOC_STRINGS = YES; SWIFT_VERSION = 5.0; TARGETED_DEVICE_FAMILY = 1; }; name = Release; };
		A00000000000000000000084 = {isa = XCBuildConfiguration; buildSettings = {CODE_SIGN_STYLE = Automatic; GENERATE_INFOPLIST_FILE = YES; IPHONEOS_DEPLOYMENT_TARGET = 17.0; PRODUCT_BUNDLE_IDENTIFIER = com.mggarofalo.shopping.tests; PRODUCT_NAME = "$(TARGET_NAME)"; SWIFT_VERSION = 5.0; TARGETED_DEVICE_FAMILY = 1; TEST_TARGET_NAME = Shopping; }; name = Debug; };
		A00000000000000000000085 = {isa = XCBuildConfiguration; buildSettings = {CODE_SIGN_STYLE = Automatic; GENERATE_INFOPLIST_FILE = YES; IPHONEOS_DEPLOYMENT_TARGET = 17.0; PRODUCT_BUNDLE_IDENTIFIER = com.mggarofalo.shopping.tests; PRODUCT_NAME = "$(TARGET_NAME)"; SWIFT_VERSION = 5.0; TARGETED_DEVICE_FAMILY = 1; TEST_TARGET_NAME = Shopping; }; name = Release; };
		A00000000000000000000086 = {isa = XCBuildConfiguration; buildSettings = {BUNDLE_LOADER = "$(TEST_HOST)"; CODE_SIGN_STYLE = Automatic; GENERATE_INFOPLIST_FILE = YES; IPHONEOS_DEPLOYMENT_TARGET = 17.0; PRODUCT_BUNDLE_IDENTIFIER = com.mggarofalo.shopping.persistence-tests; PRODUCT_NAME = "$(TARGET_NAME)"; SWIFT_VERSION = 5.0; TARGETED_DEVICE_FAMILY = 1; TEST_HOST = "$(BUILT_PRODUCTS_DIR)/Shopping.app/$(BUNDLE_EXECUTABLE_FOLDER_PATH)/Shopping"; }; name = Debug; };
		A00000000000000000000087 = {isa = XCBuildConfiguration; buildSettings = {BUNDLE_LOADER = "$(TEST_HOST)"; CODE_SIGN_STYLE = Automatic; GENERATE_INFOPLIST_FILE = YES; IPHONEOS_DEPLOYMENT_TARGET = 17.0; PRODUCT_BUNDLE_IDENTIFIER = com.mggarofalo.shopping.persistence-tests; PRODUCT_NAME = "$(TARGET_NAME)"; SWIFT_VERSION = 5.0; TARGETED_DEVICE_FAMILY = 1; TEST_HOST = "$(BUILT_PRODUCTS_DIR)/Shopping.app/$(BUNDLE_EXECUTABLE_FOLDER_PATH)/Shopping"; }; name = Release; };
/* End XCBuildConfiguration section */

/* Begin XCConfigurationList section */
		A00000000000000000000070 = {isa = XCConfigurationList; buildConfigurations = (A00000000000000000000082, A00000000000000000000083,); defaultConfigurationIsVisible = 0; defaultConfigurationName = Release; };
		A00000000000000000000071 = {isa = XCConfigurationList; buildConfigurations = (A00000000000000000000084, A00000000000000000000085,); defaultConfigurationIsVisible = 0; defaultConfigurationName = Release; };
		A00000000000000000000072 = {isa = XCConfigurationList; buildConfigurations = (A00000000000000000000080, A00000000000000000000081,); defaultConfigurationIsVisible = 0; defaultConfigurationName = Release; };
		A00000000000000000000073 = {isa = XCConfigurationList; buildConfigurations = (A00000000000000000000086, A00000000000000000000087,); defaultConfigurationIsVisible = 0; defaultConfigurationName = Release; };
/* End XCConfigurationList section */
	};
	rootObject = A00000000000000000000001 /* Project object */;
}
